{
  "nodes": {
    "nixpkgs": {
      "locked": {
        "lastModified": 1631730427,
        "narHash": "sha256-aemEECYbS+dYc6l+ZnQyL/H1bHYYgIqe3MeEQZ/6duY=",
        "owner": "NixOS",
        "repo": "nixpkgs",
        "rev": "1f06456eabe9f768f87a26d3ff8b2dc14eb4046d",
        "type": "github"
      },
      "original": {
        "owner": "NixOS",
        "repo": "nixpkgs",
        "rev": "1f06456eabe9f768f87a26d3ff8b2dc14eb4046d",
        "type": "github"
      }
    },
    "root": {
      "inputs": {
        "nixpkgs": "nixpkgs"
      }
    }
  },
  "root": "root",
  "version": 7
}
