{
  "nodes": {
    "nixpkgs": {
      "locked": {
        "lastModified": 1641915206,
        "narHash": "sha256-j4v3J5T6JiXu2VhgdirmF5CDlLO4xBy2+XyxMDJ9Cvg=",
        "owner": "NixOS",
        "repo": "nixpkgs",
        "rev": "9fd9e5e56e1aee370af97731c191c8f7572dcb2a",
        "type": "github"
      },
      "original": {
        "owner": "NixOS",
        "repo": "nixpkgs",
        "type": "github"
      }
    },
    "root": {
      "inputs": {
        "nixpkgs": "nixpkgs"
      }
    }
  },
  "root": "root",
  "version": 7
}
